
Microsoft Visual Studio Solution File, Format Version 12.00
# Visual Studio 15
VisualStudioVersion = 15.0.28307.329
MinimumVisualStudioVersion = 10.0.40219.1
Project("{FAE04EC0-301F-11D3-BF4B-00C04F79EFBC}") = "ColocDuty", "ColocDuty.csproj", "{A02D2760-B9D8-4E95-97CB-514B9E679315}"
EndProject
Global
	GlobalSection(SolutionConfigurationPlatforms) = preSolution
		Debug|Any CPU = Debug|Any CPU
		Release|Any CPU = Release|Any CPU
	EndGlobalSection
	GlobalSection(ProjectConfigurationPlatforms) = postSolution
		{A02D2760-B9D8-4E95-97CB-514B9E679315}.Debug|Any CPU.ActiveCfg = Debug|Any CPU
		{A02D2760-B9D8-4E95-97CB-514B9E679315}.Debug|Any CPU.Build.0 = Debug|Any CPU
		{A02D2760-B9D8-4E95-97CB-514B9E679315}.Release|Any CPU.ActiveCfg = Release|Any CPU
		{A02D2760-B9D8-4E95-97CB-514B9E679315}.Release|Any CPU.Build.0 = Release|Any CPU
	EndGlobalSection
	GlobalSection(SolutionProperties) = preSolution
		HideSolutionNode = FALSE
	EndGlobalSection
	GlobalSection(ExtensibilityGlobals) = postSolution
		SolutionGuid = {14FB699E-F3DF-477F-8FAE-4334326F96B6}
	EndGlobalSection
EndGlobal
